
Microsoft Visual Studio Solution File, Format Version 12.00
# Visual Studio Version 17
VisualStudioVersion = 17.0.31912.275
MinimumVisualStudioVersion = 10.0.40219.1
Project("{FAE04EC0-301F-11D3-BF4B-00C04F79EFBC}") = "KIliya", "KIliya\KIliya.csproj", "{CA6A246D-37EE-45EF-85DB-81859645E500}"
EndProject
Global
	GlobalSection(SolutionConfigurationPlatforms) = preSolution
		Debug|Any CPU = Debug|Any CPU
		Release|Any CPU = Release|Any CPU
	EndGlobalSection
	GlobalSection(ProjectConfigurationPlatforms) = postSolution
		{CA6A246D-37EE-45EF-85DB-81859645E500}.Debug|Any CPU.ActiveCfg = Debug|Any CPU
		{CA6A246D-37EE-45EF-85DB-81859645E500}.Debug|Any CPU.Build.0 = Debug|Any CPU
		{CA6A246D-37EE-45EF-85DB-81859645E500}.Release|Any CPU.ActiveCfg = Release|Any CPU
		{CA6A246D-37EE-45EF-85DB-81859645E500}.Release|Any CPU.Build.0 = Release|Any CPU
	EndGlobalSection
	GlobalSection(SolutionProperties) = preSolution
		HideSolutionNode = FALSE
	EndGlobalSection
	GlobalSection(ExtensibilityGlobals) = postSolution
		SolutionGuid = {B87644C4-27C2-4E77-BFF8-2042B9EF2D58}
	EndGlobalSection
EndGlobal
